
Microsoft Visual Studio Solution File, Format Version 12.00
# Visual Studio 2015
Project("{FAE04EC0-301F-11D3-BF4B-00C04F79EFBC}") = "BombermanClone", "BombermanClone.csproj", "{F85BD301-A8E8-4424-D356-752CCDDB649C}"
EndProject
Global
	GlobalSection(SolutionConfigurationPlatforms) = preSolution
		Debug|Any CPU = Debug|Any CPU
		Release|Any CPU = Release|Any CPU
	EndGlobalSection
	GlobalSection(ProjectConfigurationPlatforms) = postSolution
		{F85BD301-A8E8-4424-D356-752CCDDB649C}.Debug|Any CPU.ActiveCfg = Debug|Any CPU
		{F85BD301-A8E8-4424-D356-752CCDDB649C}.Debug|Any CPU.Build.0 = Debug|Any CPU
		{F85BD301-A8E8-4424-D356-752CCDDB649C}.Release|Any CPU.ActiveCfg = Release|Any CPU
		{F85BD301-A8E8-4424-D356-752CCDDB649C}.Release|Any CPU.Build.0 = Release|Any CPU
	EndGlobalSection
	GlobalSection(SolutionProperties) = preSolution
		HideSolutionNode = FALSE
	EndGlobalSection
EndGlobal
